
Microsoft Visual Studio Solution File, Format Version 12.00
# Visual Studio Version 16
VisualStudioVersion = 16.0.29418.71
MinimumVisualStudioVersion = 10.0.40219.1
Project("{FAE04EC0-301F-11D3-BF4B-00C04F79EFBC}") = "MobileAppHW.UWP", "MobileAppHW.UWP\MobileAppHW.UWP.csproj", "{E17B51E8-CD0C-4761-B542-81C2F5133B2C}"
EndProject
Project("{FAE04EC0-301F-11D3-BF4B-00C04F79EFBC}") = "MobileAppHW.Android", "MobileAppHW.Android\MobileAppHW.Android.csproj", "{C95789D0-073E-4EE1-94FB-06C70C4E0A15}"
EndProject
Project("{FAE04EC0-301F-11D3-BF4B-00C04F79EFBC}") = "MobileAppHW.iOS", "MobileAppHW.iOS\MobileAppHW.iOS.csproj", "{A7171F03-4D99-42A6-BF4F-FFD036447A25}"
EndProject
Project("{FAE04EC0-301F-11D3-BF4B-00C04F79EFBC}") = "MobileAppHW", "MobileAppHW\MobileAppHW.csproj", "{563B094C-BAA2-44C8-917D-D5FBD2F88382}"
EndProject
Global
	GlobalSection(SolutionConfigurationPlatforms) = preSolution
		Debug|Any CPU = Debug|Any CPU
		Debug|ARM = Debug|ARM
		Debug|iPhone = Debug|iPhone
		Debug|iPhoneSimulator = Debug|iPhoneSimulator
		Debug|x64 = Debug|x64
		Debug|x86 = Debug|x86
		Release|Any CPU = Release|Any CPU
		Release|ARM = Release|ARM
		Release|iPhone = Release|iPhone
		Release|iPhoneSimulator = Release|iPhoneSimulator
		Release|x64 = Release|x64
		Release|x86 = Release|x86
	EndGlobalSection
	GlobalSection(ProjectConfigurationPlatforms) = postSolution
		{E17B51E8-CD0C-4761-B542-81C2F5133B2C}.Debug|Any CPU.ActiveCfg = Debug|x86
		{E17B51E8-CD0C-4761-B542-81C2F5133B2C}.Debug|Any CPU.Build.0 = Debug|x86
		{E17B51E8-CD0C-4761-B542-81C2F5133B2C}.Debug|Any CPU.Deploy.0 = Debug|x86
		{E17B51E8-CD0C-4761-B542-81C2F5133B2C}.Debug|ARM.ActiveCfg = Debug|ARM
		{E17B51E8-CD0C-4761-B542-81C2F5133B2C}.Debug|ARM.Build.0 = Debug|ARM
		{E17B51E8-CD0C-4761-B542-81C2F5133B2C}.Debug|ARM.Deploy.0 = Debug|ARM
		{E17B51E8-CD0C-4761-B542-81C2F5133B2C}.Debug|iPhone.ActiveCfg = Debug|x86
		{E17B51E8-CD0C-4761-B542-81C2F5133B2C}.Debug|iPhone.Build.0 = Debug|x86
		{E17B51E8-CD0C-4761-B542-81C2F5133B2C}.Debug|iPhone.Deploy.0 = Debug|x86
		{E17B51E8-CD0C-4761-B542-81C2F5133B2C}.Debug|iPhoneSimulator.ActiveCfg = Debug|x86
		{E17B51E8-CD0C-4761-B542-81C2F5133B2C}.Debug|iPhoneSimulator.Build.0 = Debug|x86
		{E17B51E8-CD0C-4761-B542-81C2F5133B2C}.Debug|iPhoneSimulator.Deploy.0 = Debug|x86
		{E17B51E8-CD0C-4761-B542-81C2F5133B2C}.Debug|x64.ActiveCfg = Debug|x64
		{E17B51E8-CD0C-4761-B542-81C2F5133B2C}.Debug|x64.Build.0 = Debug|x64
		{E17B51E8-CD0C-4761-B542-81C2F5133B2C}.Debug|x64.Deploy.0 = Debug|x64
		{E17B51E8-CD0C-4761-B542-81C2F5133B2C}.Debug|x86.ActiveCfg = Debug|x86
		{E17B51E8-CD0C-4761-B542-81C2F5133B2C}.Debug|x86.Build.0 = Debug|x86
		{E17B51E8-CD0C-4761-B542-81C2F5133B2C}.Debug|x86.Deploy.0 = Debug|x86
		{E17B51E8-CD0C-4761-B542-81C2F5133B2C}.Release|Any CPU.ActiveCfg = Release|x86
		{E17B51E8-CD0C-4761-B542-81C2F5133B2C}.Release|Any CPU.Build.0 = Release|x86
		{E17B51E8-CD0C-4761-B542-81C2F5133B2C}.Release|Any CPU.Deploy.0 = Release|x86
		{E17B51E8-CD0C-4761-B542-81C2F5133B2C}.Release|ARM.ActiveCfg = Release|ARM
		{E17B51E8-CD0C-4761-B542-81C2F5133B2C}.Release|ARM.Build.0 = Release|ARM
		{E17B51E8-CD0C-4761-B542-81C2F5133B2C}.Release|ARM.Deploy.0 = Release|ARM
		{E17B51E8-CD0C-4761-B542-81C2F5133B2C}.Release|iPhone.ActiveCfg = Release|x86
		{E17B51E8-CD0C-4761-B542-81C2F5133B2C}.Release|iPhone.Build.0 = Release|x86
		{E17B51E8-CD0C-4761-B542-81C2F5133B2C}.Release|iPhone.Deploy.0 = Release|x86
		{E17B51E8-CD0C-4761-B542-81C2F5133B2C}.Release|iPhoneSimulator.ActiveCfg = Release|x86
		{E17B51E8-CD0C-4761-B542-81C2F5133B2C}.Release|iPhoneSimulator.Build.0 = Release|x86
		{E17B51E8-CD0C-4761-B542-81C2F5133B2C}.Release|iPhoneSimulator.Deploy.0 = Release|x86
		{E17B51E8-CD0C-4761-B542-81C2F5133B2C}.Release|x64.ActiveCfg = Release|x64
		{E17B51E8-CD0C-4761-B542-81C2F5133B2C}.Release|x64.Build.0 = Release|x64
		{E17B51E8-CD0C-4761-B542-81C2F5133B2C}.Release|x64.Deploy.0 = Release|x64
		{E17B51E8-CD0C-4761-B542-81C2F5133B2C}.Release|x86.ActiveCfg = Release|x86
		{E17B51E8-CD0C-4761-B542-81C2F5133B2C}.Release|x86.Build.0 = Release|x86
		{E17B51E8-CD0C-4761-B542-81C2F5133B2C}.Release|x86.Deploy.0 = Release|x86
		{C95789D0-073E-4EE1-94FB-06C70C4E0A15}.Debug|Any CPU.ActiveCfg = Debug|Any CPU
		{C95789D0-073E-4EE1-94FB-06C70C4E0A15}.Debug|Any CPU.Build.0 = Debug|Any CPU
		{C95789D0-073E-4EE1-94FB-06C70C4E0A15}.Debug|Any CPU.Deploy.0 = Debug|Any CPU
		{C95789D0-073E-4EE1-94FB-06C70C4E0A15}.Debug|ARM.ActiveCfg = Debug|Any CPU
		{C95789D0-073E-4EE1-94FB-06C70C4E0A15}.Debug|ARM.Build.0 = Debug|Any CPU
		{C95789D0-073E-4EE1-94FB-06C70C4E0A15}.Debug|ARM.Deploy.0 = Debug|Any CPU
		{C95789D0-073E-4EE1-94FB-06C70C4E0A15}.Debug|iPhone.ActiveCfg = Debug|Any CPU
		{C95789D0-073E-4EE1-94FB-06C70C4E0A15}.Debug|iPhone.Build.0 = Debug|Any CPU
		{C95789D0-073E-4EE1-94FB-06C70C4E0A15}.Debug|iPhone.Deploy.0 = Debug|Any CPU
		{C95789D0-073E-4EE1-94FB-06C70C4E0A15}.Debug|iPhoneSimulator.ActiveCfg = Debug|Any CPU
		{C95789D0-073E-4EE1-94FB-06C70C4E0A15}.Debug|iPhoneSimulator.Build.0 = Debug|Any CPU
		{C95789D0-073E-4EE1-94FB-06C70C4E0A15}.Debug|iPhoneSimulator.Deploy.0 = Debug|Any CPU
		{C95789D0-073E-4EE1-94FB-06C70C4E0A15}.Debug|x64.ActiveCfg = Debug|Any CPU
		{C95789D0-073E-4EE1-94FB-06C70C4E0A15}.Debug|x64.Build.0 = Debug|Any CPU
		{C95789D0-073E-4EE1-94FB-06C70C4E0A15}.Debug|x64.Deploy.0 = Debug|Any CPU
		{C95789D0-073E-4EE1-94FB-06C70C4E0A15}.Debug|x86.ActiveCfg = Debug|Any CPU
		{C95789D0-073E-4EE1-94FB-06C70C4E0A15}.Debug|x86.Build.0 = Debug|Any CPU
		{C95789D0-073E-4EE1-94FB-06C70C4E0A15}.Debug|x86.Deploy.0 = Debug|Any CPU
		{C95789D0-073E-4EE1-94FB-06C70C4E0A15}.Release|Any CPU.ActiveCfg = Release|Any CPU
		{C95789D0-073E-4EE1-94FB-06C70C4E0A15}.Release|Any CPU.Build.0 = Release|Any CPU
		{C95789D0-073E-4EE1-94FB-06C70C4E0A15}.Release|Any CPU.Deploy.0 = Release|Any CPU
		{C95789D0-073E-4EE1-94FB-06C70C4E0A15}.Release|ARM.ActiveCfg = Release|Any CPU
		{C95789D0-073E-4EE1-94FB-06C70C4E0A15}.Release|ARM.Build.0 = Release|Any CPU
		{C95789D0-073E-4EE1-94FB-06C70C4E0A15}.Release|ARM.Deploy.0 = Release|Any CPU
		{C95789D0-073E-4EE1-94FB-06C70C4E0A15}.Release|iPhone.ActiveCfg = Release|Any CPU
		{C95789D0-073E-4EE1-94FB-06C70C4E0A15}.Release|iPhone.Build.0 = Release|Any CPU
		{C95789D0-073E-4EE1-94FB-06C70C4E0A15}.Release|iPhone.Deploy.0 = Release|Any CPU
		{C95789D0-073E-4EE1-94FB-06C70C4E0A15}.Release|iPhoneSimulator.ActiveCfg = Release|Any CPU
		{C95789D0-073E-4EE1-94FB-06C70C4E0A15}.Release|iPhoneSimulator.Build.0 = Release|Any CPU
		{C95789D0-073E-4EE1-94FB-06C70C4E0A15}.Release|iPhoneSimulator.Deploy.0 = Release|Any CPU
		{C95789D0-073E-4EE1-94FB-06C70C4E0A15}.Release|x64.ActiveCfg = Release|Any CPU
		{C95789D0-073E-4EE1-94FB-06C70C4E0A15}.Release|x64.Build.0 = Release|Any CPU
		{C95789D0-073E-4EE1-94FB-06C70C4E0A15}.Release|x64.Deploy.0 = Release|Any CPU
		{C95789D0-073E-4EE1-94FB-06C70C4E0A15}.Release|x86.ActiveCfg = Release|Any CPU
		{C95789D0-073E-4EE1-94FB-06C70C4E0A15}.Release|x86.Build.0 = Release|Any CPU
		{C95789D0-073E-4EE1-94FB-06C70C4E0A15}.Release|x86.Deploy.0 = Release|Any CPU
		{A7171F03-4D99-42A6-BF4F-FFD036447A25}.Debug|Any CPU.ActiveCfg = Debug|iPhone
		{A7171F03-4D99-42A6-BF4F-FFD036447A25}.Debug|Any CPU.Build.0 = Debug|iPhone
		{A7171F03-4D99-42A6-BF4F-FFD036447A25}.Debug|Any CPU.Deploy.0 = Debug|iPhone
		{A7171F03-4D99-42A6-BF4F-FFD036447A25}.Debug|ARM.ActiveCfg = Debug|iPhoneSimulator
		{A7171F03-4D99-42A6-BF4F-FFD036447A25}.Debug|ARM.Build.0 = Debug|iPhoneSimulator
		{A7171F03-4D99-42A6-BF4F-FFD036447A25}.Debug|ARM.Deploy.0 = Debug|iPhoneSimulator
		{A7171F03-4D99-42A6-BF4F-FFD036447A25}.Debug|iPhone.ActiveCfg = Debug|iPhone
		{A7171F03-4D99-42A6-BF4F-FFD036447A25}.Debug|iPhone.Build.0 = Debug|iPhone
		{A7171F03-4D99-42A6-BF4F-FFD036447A25}.Debug|iPhone.Deploy.0 = Debug|iPhone
		{A7171F03-4D99-42A6-BF4F-FFD036447A25}.Debug|iPhoneSimulator.ActiveCfg = Debug|iPhoneSimulator
		{A7171F03-4D99-42A6-BF4F-FFD036447A25}.Debug|iPhoneSimulator.Build.0 = Debug|iPhoneSimulator
		{A7171F03-4D99-42A6-BF4F-FFD036447A25}.Debug|iPhoneSimulator.Deploy.0 = Debug|iPhoneSimulator
		{A7171F03-4D99-42A6-BF4F-FFD036447A25}.Debug|x64.ActiveCfg = Debug|iPhone
		{A7171F03-4D99-42A6-BF4F-FFD036447A25}.Debug|x64.Build.0 = Debug|iPhone
		{A7171F03-4D99-42A6-BF4F-FFD036447A25}.Debug|x64.Deploy.0 = Debug|iPhone
		{A7171F03-4D99-42A6-BF4F-FFD036447A25}.Debug|x86.ActiveCfg = Debug|iPhone
		{A7171F03-4D99-42A6-BF4F-FFD036447A25}.Debug|x86.Build.0 = Debug|iPhone
		{A7171F03-4D99-42A6-BF4F-FFD036447A25}.Debug|x86.Deploy.0 = Debug|iPhone
		{A7171F03-4D99-42A6-BF4F-FFD036447A25}.Release|Any CPU.ActiveCfg = Release|iPhone
		{A7171F03-4D99-42A6-BF4F-FFD036447A25}.Release|Any CPU.Build.0 = Release|iPhone
		{A7171F03-4D99-42A6-BF4F-FFD036447A25}.Release|Any CPU.Deploy.0 = Release|iPhone
		{A7171F03-4D99-42A6-BF4F-FFD036447A25}.Release|ARM.ActiveCfg = Release|iPhone
		{A7171F03-4D99-42A6-BF4F-FFD036447A25}.Release|ARM.Build.0 = Release|iPhone
		{A7171F03-4D99-42A6-BF4F-FFD036447A25}.Release|ARM.Deploy.0 = Release|iPhone
		{A7171F03-4D99-42A6-BF4F-FFD036447A25}.Release|iPhone.ActiveCfg = Release|iPhone
		{A7171F03-4D99-42A6-BF4F-FFD036447A25}.Release|iPhone.Build.0 = Release|iPhone
		{A7171F03-4D99-42A6-BF4F-FFD036447A25}.Release|iPhone.Deploy.0 = Release|iPhone
		{A7171F03-4D99-42A6-BF4F-FFD036447A25}.Release|iPhoneSimulator.ActiveCfg = Release|iPhoneSimulator
		{A7171F03-4D99-42A6-BF4F-FFD036447A25}.Release|iPhoneSimulator.Build.0 = Release|iPhoneSimulator
		{A7171F03-4D99-42A6-BF4F-FFD036447A25}.Release|iPhoneSimulator.Deploy.0 = Release|iPhoneSimulator
		{A7171F03-4D99-42A6-BF4F-FFD036447A25}.Release|x64.ActiveCfg = Release|iPhone
		{A7171F03-4D99-42A6-BF4F-FFD036447A25}.Release|x64.Build.0 = Release|iPhone
		{A7171F03-4D99-42A6-BF4F-FFD036447A25}.Release|x64.Deploy.0 = Release|iPhone
		{A7171F03-4D99-42A6-BF4F-FFD036447A25}.Release|x86.ActiveCfg = Release|iPhone
		{A7171F03-4D99-42A6-BF4F-FFD036447A25}.Release|x86.Build.0 = Release|iPhone
		{A7171F03-4D99-42A6-BF4F-FFD036447A25}.Release|x86.Deploy.0 = Release|iPhone
		{563B094C-BAA2-44C8-917D-D5FBD2F88382}.Debug|Any CPU.ActiveCfg = Debug|Any CPU
		{563B094C-BAA2-44C8-917D-D5FBD2F88382}.Debug|Any CPU.Build.0 = Debug|Any CPU
		{563B094C-BAA2-44C8-917D-D5FBD2F88382}.Debug|Any CPU.Deploy.0 = Debug|Any CPU
		{563B094C-BAA2-44C8-917D-D5FBD2F88382}.Debug|ARM.ActiveCfg = Debug|Any CPU
		{563B094C-BAA2-44C8-917D-D5FBD2F88382}.Debug|ARM.Build.0 = Debug|Any CPU
		{563B094C-BAA2-44C8-917D-D5FBD2F88382}.Debug|ARM.Deploy.0 = Debug|Any CPU
		{563B094C-BAA2-44C8-917D-D5FBD2F88382}.Debug|iPhone.ActiveCfg = Debug|Any CPU
		{563B094C-BAA2-44C8-917D-D5FBD2F88382}.Debug|iPhone.Build.0 = Debug|Any CPU
		{563B094C-BAA2-44C8-917D-D5FBD2F88382}.Debug|iPhone.Deploy.0 = Debug|Any CPU
		{563B094C-BAA2-44C8-917D-D5FBD2F88382}.Debug|iPhoneSimulator.ActiveCfg = Debug|Any CPU
		{563B094C-BAA2-44C8-917D-D5FBD2F88382}.Debug|iPhoneSimulator.Build.0 = Debug|Any CPU
		{563B094C-BAA2-44C8-917D-D5FBD2F88382}.Debug|iPhoneSimulator.Deploy.0 = Debug|Any CPU
		{563B094C-BAA2-44C8-917D-D5FBD2F88382}.Debug|x64.ActiveCfg = Debug|Any CPU
		{563B094C-BAA2-44C8-917D-D5FBD2F88382}.Debug|x64.Build.0 = Debug|Any CPU
		{563B094C-BAA2-44C8-917D-D5FBD2F88382}.Debug|x64.Deploy.0 = Debug|Any CPU
		{563B094C-BAA2-44C8-917D-D5FBD2F88382}.Debug|x86.ActiveCfg = Debug|Any CPU
		{563B094C-BAA2-44C8-917D-D5FBD2F88382}.Debug|x86.Build.0 = Debug|Any CPU
		{563B094C-BAA2-44C8-917D-D5FBD2F88382}.Debug|x86.Deploy.0 = Debug|Any CPU
		{563B094C-BAA2-44C8-917D-D5FBD2F88382}.Release|Any CPU.ActiveCfg = Release|Any CPU
		{563B094C-BAA2-44C8-917D-D5FBD2F88382}.Release|Any CPU.Build.0 = Release|Any CPU
		{563B094C-BAA2-44C8-917D-D5FBD2F88382}.Release|Any CPU.Deploy.0 = Release|Any CPU
		{563B094C-BAA2-44C8-917D-D5FBD2F88382}.Release|ARM.ActiveCfg = Release|Any CPU
		{563B094C-BAA2-44C8-917D-D5FBD2F88382}.Release|ARM.Build.0 = Release|Any CPU
		{563B094C-BAA2-44C8-917D-D5FBD2F88382}.Release|ARM.Deploy.0 = Release|Any CPU
		{563B094C-BAA2-44C8-917D-D5FBD2F88382}.Release|iPhone.ActiveCfg = Release|Any CPU
		{563B094C-BAA2-44C8-917D-D5FBD2F88382}.Release|iPhone.Build.0 = Release|Any CPU
		{563B094C-BAA2-44C8-917D-D5FBD2F88382}.Release|iPhone.Deploy.0 = Release|Any CPU
		{563B094C-BAA2-44C8-917D-D5FBD2F88382}.Release|iPhoneSimulator.ActiveCfg = Release|Any CPU
		{563B094C-BAA2-44C8-917D-D5FBD2F88382}.Release|iPhoneSimulator.Build.0 = Release|Any CPU
		{563B094C-BAA2-44C8-917D-D5FBD2F88382}.Release|iPhoneSimulator.Deploy.0 = Release|Any CPU
		{563B094C-BAA2-44C8-917D-D5FBD2F88382}.Release|x64.ActiveCfg = Release|Any CPU
		{563B094C-BAA2-44C8-917D-D5FBD2F88382}.Release|x64.Build.0 = Release|Any CPU
		{563B094C-BAA2-44C8-917D-D5FBD2F88382}.Release|x64.Deploy.0 = Release|Any CPU
		{563B094C-BAA2-44C8-917D-D5FBD2F88382}.Release|x86.ActiveCfg = Release|Any CPU
		{563B094C-BAA2-44C8-917D-D5FBD2F88382}.Release|x86.Build.0 = Release|Any CPU
		{563B094C-BAA2-44C8-917D-D5FBD2F88382}.Release|x86.Deploy.0 = Release|Any CPU
	EndGlobalSection
	GlobalSection(SolutionProperties) = preSolution
		HideSolutionNode = FALSE
	EndGlobalSection
	GlobalSection(ExtensibilityGlobals) = postSolution
		SolutionGuid = {4FC09362-F2AA-4873-B2FC-661228207CD5}
	EndGlobalSection
EndGlobal
